
Microsoft Visual Studio Solution File, Format Version 12.00
# Visual Studio Version 17
VisualStudioVersion = 17.14.36518.9 d17.14
MinimumVisualStudioVersion = 10.0.40219.1
Project("{FAE04EC0-301F-11D3-BF4B-00C04F79EFBC}") = "TruckSheduler", "TruckSheduler.csproj", "{5809DC78-6275-4197-9273-11A3FAD6ABD1}"
EndProject
Global
	GlobalSection(SolutionConfigurationPlatforms) = preSolution
		Debug|Any CPU = Debug|Any CPU
		Release|Any CPU = Release|Any CPU
	EndGlobalSection
	GlobalSection(ProjectConfigurationPlatforms) = postSolution
		{5809DC78-6275-4197-9273-11A3FAD6ABD1}.Debug|Any CPU.ActiveCfg = Debug|Any CPU
		{5809DC78-6275-4197-9273-11A3FAD6ABD1}.Debug|Any CPU.Build.0 = Debug|Any CPU
		{5809DC78-6275-4197-9273-11A3FAD6ABD1}.Release|Any CPU.ActiveCfg = Release|Any CPU
		{5809DC78-6275-4197-9273-11A3FAD6ABD1}.Release|Any CPU.Build.0 = Release|Any CPU
	EndGlobalSection
	GlobalSection(SolutionProperties) = preSolution
		HideSolutionNode = FALSE
	EndGlobalSection
	GlobalSection(ExtensibilityGlobals) = postSolution
		SolutionGuid = {94074CFD-FC65-4444-AE71-7C5CA9217F47}
	EndGlobalSection
EndGlobal
